
Microsoft Visual Studio Solution File, Format Version 12.00
# Visual Studio 2013
VisualStudioVersion = 12.0.31101.0
MinimumVisualStudioVersion = 10.0.40219.1
Project("{FAE04EC0-301F-11D3-BF4B-00C04F79EFBC}") = "Mitter.WP81", "Mitter\Mitter.WP81.csproj", "{D6CA1491-2BCB-4011-93A9-8BAFE534796C}"
EndProject
Project("{FAE04EC0-301F-11D3-BF4B-00C04F79EFBC}") = "FieldOfTweets.Agent.WP8", "FieldOfTweets.Agent\FieldOfTweets.Agent.WP8.csproj", "{E97D482F-5F03-4347-AB1A-E3ADBAA05D63}"
EndProject
Project("{FAE04EC0-301F-11D3-BF4B-00C04F79EFBC}") = "FieldOfTweets.Common.UI.WP8", "FieldOfTweets.Common.UI\FieldOfTweets.Common.UI.WP8.csproj", "{2F8B3B10-9857-4F04-AFB0-6FA43E2D232A}"
EndProject
Project("{FAE04EC0-301F-11D3-BF4B-00C04F79EFBC}") = "Hammock.WindowsPhone.WP8", "Libraries\danielcrenna-hammock-84be310\danielcrenna-hammock-84be310\src\net40\Hammock.WindowsPhone\Hammock.WindowsPhone.WP8.csproj", "{3059FD1C-4B4B-4460-A0D4-53C84CCE6CAC}"
EndProject
Project("{FAE04EC0-301F-11D3-BF4B-00C04F79EFBC}") = "PhonePerformance.WP8", "Libraries\PhonePerfImages\PhonePerformance.WP8.csproj", "{FCF263CD-388B-44E4-8A92-A4C5F670394F}"
EndProject
Project("{FAE04EC0-301F-11D3-BF4B-00C04F79EFBC}") = "FieldOfTweets.Common.Api.Responses.Twitter.WP8", "FieldOfTweets.Common.Api.Responses.Twitter\FieldOfTweets.Common.Api.Responses.Twitter.WP8.csproj", "{3942F76D-5B96-4220-AD07-5D59EC6D4472}"
EndProject
Project("{FAE04EC0-301F-11D3-BF4B-00C04F79EFBC}") = "MediaParsers.Phone.WP8", "Libraries\ManagedMediaHelpers\MediaParsers.Phone\MediaParsers.Phone.WP8.csproj", "{48BDE09B-2D1F-4728-A52D-3934D9CE87D4}"
EndProject
Project("{FAE04EC0-301F-11D3-BF4B-00C04F79EFBC}") = "Mitter.UI.Settings", "Mitter.UI.Settings\Mitter.UI.Settings.csproj", "{12FD3DAA-D84F-4BBB-95CF-510B8D23FFD4}"
EndProject
Project("{FAE04EC0-301F-11D3-BF4B-00C04F79EFBC}") = "Mitter.UI.MehdohSays", "Mitter.UI.MehdohSays\Mitter.UI.MehdohSays.csproj", "{E621E88B-4F2B-460F-89B5-B67B91D00AB2}"
EndProject
Project("{2150E333-8FDC-42A3-9474-1A3956D46DE8}") = "1.UI", "1.UI", "{C4942109-EFFE-4D75-B842-250E5D3D7D9C}"
EndProject
Project("{2150E333-8FDC-42A3-9474-1A3956D46DE8}") = "0.Main Package", "0.Main Package", "{57BBB3BD-50F0-4CB7-8C34-EE4C546DD84A}"
EndProject
Project("{2150E333-8FDC-42A3-9474-1A3956D46DE8}") = "2.Common", "2.Common", "{9FE6ADF1-07C6-4A46-9D6E-2CF2D3A79872}"
EndProject
Project("{2150E333-8FDC-42A3-9474-1A3956D46DE8}") = "5.Agents", "5.Agents", "{5F180242-BFBF-45B8-AB0D-21F55B80B59D}"
EndProject
Project("{2150E333-8FDC-42A3-9474-1A3956D46DE8}") = "9.Third Party", "9.Third Party", "{DD3BFE41-AFCE-4749-8847-BFB3C2CA7899}"
EndProject
Project("{2150E333-8FDC-42A3-9474-1A3956D46DE8}") = ".nuget", ".nuget", "{FE390AFF-6C7D-4CF3-B01A-85DC4B0D91FB}"
	ProjectSection(SolutionItems) = preProject
		.nuget\NuGet.Config = .nuget\NuGet.Config
		.nuget\NuGet.exe = .nuget\NuGet.exe
		.nuget\NuGet.targets = .nuget\NuGet.targets
	EndProjectSection
EndProject
Project("{FAE04EC0-301F-11D3-BF4B-00C04F79EFBC}") = "FieldOfTweets.Common.WP81", "FieldOfTweets.Common\FieldOfTweets.Common.WP81.csproj", "{6B4F7BCC-38E6-4F3A-844C-EE696FF53A36}"
EndProject
Global
	GlobalSection(SubversionScc) = preSolution
		Svn-Managed = True
		Manager = AnkhSVN - Subversion Support for Visual Studio
	EndGlobalSection
	GlobalSection(SolutionConfigurationPlatforms) = preSolution
		ClientProfiles|Any CPU = ClientProfiles|Any CPU
		ClientProfiles|ARM = ClientProfiles|ARM
		ClientProfiles|x86 = ClientProfiles|x86
		Debug|Any CPU = Debug|Any CPU
		Debug|ARM = Debug|ARM
		Debug|x86 = Debug|x86
		Release|Any CPU = Release|Any CPU
		Release|ARM = Release|ARM
		Release|x86 = Release|x86
	EndGlobalSection
	GlobalSection(ProjectConfigurationPlatforms) = postSolution
		{D6CA1491-2BCB-4011-93A9-8BAFE534796C}.ClientProfiles|Any CPU.ActiveCfg = Release|Any CPU
		{D6CA1491-2BCB-4011-93A9-8BAFE534796C}.ClientProfiles|Any CPU.Build.0 = Release|Any CPU
		{D6CA1491-2BCB-4011-93A9-8BAFE534796C}.ClientProfiles|Any CPU.Deploy.0 = Release|Any CPU
		{D6CA1491-2BCB-4011-93A9-8BAFE534796C}.ClientProfiles|ARM.ActiveCfg = Pro Release|Any CPU
		{D6CA1491-2BCB-4011-93A9-8BAFE534796C}.ClientProfiles|ARM.Build.0 = Pro Release|Any CPU
		{D6CA1491-2BCB-4011-93A9-8BAFE534796C}.ClientProfiles|ARM.Deploy.0 = Pro Release|Any CPU
		{D6CA1491-2BCB-4011-93A9-8BAFE534796C}.ClientProfiles|x86.ActiveCfg = Release|Any CPU
		{D6CA1491-2BCB-4011-93A9-8BAFE534796C}.Debug|Any CPU.ActiveCfg = Debug|ARM
		{D6CA1491-2BCB-4011-93A9-8BAFE534796C}.Debug|Any CPU.Build.0 = Debug|ARM
		{D6CA1491-2BCB-4011-93A9-8BAFE534796C}.Debug|Any CPU.Deploy.0 = Debug|ARM
		{D6CA1491-2BCB-4011-93A9-8BAFE534796C}.Debug|ARM.ActiveCfg = Debug|ARM
		{D6CA1491-2BCB-4011-93A9-8BAFE534796C}.Debug|ARM.Build.0 = Debug|ARM
		{D6CA1491-2BCB-4011-93A9-8BAFE534796C}.Debug|ARM.Deploy.0 = Debug|ARM
		{D6CA1491-2BCB-4011-93A9-8BAFE534796C}.Debug|x86.ActiveCfg = Debug|Any CPU
		{D6CA1491-2BCB-4011-93A9-8BAFE534796C}.Release|Any CPU.ActiveCfg = Release|ARM
		{D6CA1491-2BCB-4011-93A9-8BAFE534796C}.Release|Any CPU.Build.0 = Release|ARM
		{D6CA1491-2BCB-4011-93A9-8BAFE534796C}.Release|Any CPU.Deploy.0 = Release|ARM
		{D6CA1491-2BCB-4011-93A9-8BAFE534796C}.Release|ARM.ActiveCfg = Release|ARM
		{D6CA1491-2BCB-4011-93A9-8BAFE534796C}.Release|ARM.Build.0 = Release|ARM
		{D6CA1491-2BCB-4011-93A9-8BAFE534796C}.Release|ARM.Deploy.0 = Release|ARM
		{D6CA1491-2BCB-4011-93A9-8BAFE534796C}.Release|x86.ActiveCfg = Release|ARM
		{D6CA1491-2BCB-4011-93A9-8BAFE534796C}.Release|x86.Build.0 = Release|ARM
		{D6CA1491-2BCB-4011-93A9-8BAFE534796C}.Release|x86.Deploy.0 = Release|ARM
		{E97D482F-5F03-4347-AB1A-E3ADBAA05D63}.ClientProfiles|Any CPU.ActiveCfg = Release|Any CPU
		{E97D482F-5F03-4347-AB1A-E3ADBAA05D63}.ClientProfiles|Any CPU.Build.0 = Release|Any CPU
		{E97D482F-5F03-4347-AB1A-E3ADBAA05D63}.ClientProfiles|ARM.ActiveCfg = Release +Logging|Any CPU
		{E97D482F-5F03-4347-AB1A-E3ADBAA05D63}.ClientProfiles|x86.ActiveCfg = Release|Any CPU
		{E97D482F-5F03-4347-AB1A-E3ADBAA05D63}.Debug|Any CPU.ActiveCfg = Debug|Any CPU
		{E97D482F-5F03-4347-AB1A-E3ADBAA05D63}.Debug|Any CPU.Build.0 = Debug|Any CPU
		{E97D482F-5F03-4347-AB1A-E3ADBAA05D63}.Debug|ARM.ActiveCfg = Debug|ARM
		{E97D482F-5F03-4347-AB1A-E3ADBAA05D63}.Debug|ARM.Build.0 = Debug|ARM
		{E97D482F-5F03-4347-AB1A-E3ADBAA05D63}.Debug|x86.ActiveCfg = Debug|Any CPU
		{E97D482F-5F03-4347-AB1A-E3ADBAA05D63}.Release|Any CPU.ActiveCfg = Release|Any CPU
		{E97D482F-5F03-4347-AB1A-E3ADBAA05D63}.Release|Any CPU.Build.0 = Release|Any CPU
		{E97D482F-5F03-4347-AB1A-E3ADBAA05D63}.Release|ARM.ActiveCfg = Release|ARM
		{E97D482F-5F03-4347-AB1A-E3ADBAA05D63}.Release|ARM.Build.0 = Release|ARM
		{E97D482F-5F03-4347-AB1A-E3ADBAA05D63}.Release|x86.ActiveCfg = Release|Any CPU
		{E97D482F-5F03-4347-AB1A-E3ADBAA05D63}.Release|x86.Build.0 = Release|Any CPU
		{2F8B3B10-9857-4F04-AFB0-6FA43E2D232A}.ClientProfiles|Any CPU.ActiveCfg = Release|Any CPU
		{2F8B3B10-9857-4F04-AFB0-6FA43E2D232A}.ClientProfiles|Any CPU.Build.0 = Release|Any CPU
		{2F8B3B10-9857-4F04-AFB0-6FA43E2D232A}.ClientProfiles|ARM.ActiveCfg = Release +Logging|Any CPU
		{2F8B3B10-9857-4F04-AFB0-6FA43E2D232A}.ClientProfiles|x86.ActiveCfg = Release|Any CPU
		{2F8B3B10-9857-4F04-AFB0-6FA43E2D232A}.Debug|Any CPU.ActiveCfg = Debug|ARM
		{2F8B3B10-9857-4F04-AFB0-6FA43E2D232A}.Debug|Any CPU.Build.0 = Debug|ARM
		{2F8B3B10-9857-4F04-AFB0-6FA43E2D232A}.Debug|ARM.ActiveCfg = Debug|ARM
		{2F8B3B10-9857-4F04-AFB0-6FA43E2D232A}.Debug|ARM.Build.0 = Debug|ARM
		{2F8B3B10-9857-4F04-AFB0-6FA43E2D232A}.Debug|x86.ActiveCfg = Debug|Any CPU
		{2F8B3B10-9857-4F04-AFB0-6FA43E2D232A}.Release|Any CPU.ActiveCfg = Release|ARM
		{2F8B3B10-9857-4F04-AFB0-6FA43E2D232A}.Release|Any CPU.Build.0 = Release|ARM
		{2F8B3B10-9857-4F04-AFB0-6FA43E2D232A}.Release|ARM.ActiveCfg = Release|ARM
		{2F8B3B10-9857-4F04-AFB0-6FA43E2D232A}.Release|ARM.Build.0 = Release|ARM
		{2F8B3B10-9857-4F04-AFB0-6FA43E2D232A}.Release|x86.ActiveCfg = Release|Any CPU
		{2F8B3B10-9857-4F04-AFB0-6FA43E2D232A}.Release|x86.Build.0 = Release|Any CPU
		{3059FD1C-4B4B-4460-A0D4-53C84CCE6CAC}.ClientProfiles|Any CPU.ActiveCfg = ClientProfiles|Any CPU
		{3059FD1C-4B4B-4460-A0D4-53C84CCE6CAC}.ClientProfiles|Any CPU.Build.0 = ClientProfiles|Any CPU
		{3059FD1C-4B4B-4460-A0D4-53C84CCE6CAC}.ClientProfiles|ARM.ActiveCfg = ClientProfiles|Any CPU
		{3059FD1C-4B4B-4460-A0D4-53C84CCE6CAC}.ClientProfiles|x86.ActiveCfg = ClientProfiles|Any CPU
		{3059FD1C-4B4B-4460-A0D4-53C84CCE6CAC}.Debug|Any CPU.ActiveCfg = Debug|Any CPU
		{3059FD1C-4B4B-4460-A0D4-53C84CCE6CAC}.Debug|Any CPU.Build.0 = Debug|Any CPU
		{3059FD1C-4B4B-4460-A0D4-53C84CCE6CAC}.Debug|ARM.ActiveCfg = Debug|ARM
		{3059FD1C-4B4B-4460-A0D4-53C84CCE6CAC}.Debug|ARM.Build.0 = Debug|ARM
		{3059FD1C-4B4B-4460-A0D4-53C84CCE6CAC}.Debug|x86.ActiveCfg = Debug|Any CPU
		{3059FD1C-4B4B-4460-A0D4-53C84CCE6CAC}.Release|Any CPU.ActiveCfg = Release|Any CPU
		{3059FD1C-4B4B-4460-A0D4-53C84CCE6CAC}.Release|Any CPU.Build.0 = Release|Any CPU
		{3059FD1C-4B4B-4460-A0D4-53C84CCE6CAC}.Release|ARM.ActiveCfg = Release|ARM
		{3059FD1C-4B4B-4460-A0D4-53C84CCE6CAC}.Release|ARM.Build.0 = Release|ARM
		{3059FD1C-4B4B-4460-A0D4-53C84CCE6CAC}.Release|x86.ActiveCfg = Release|Any CPU
		{3059FD1C-4B4B-4460-A0D4-53C84CCE6CAC}.Release|x86.Build.0 = Release|Any CPU
		{FCF263CD-388B-44E4-8A92-A4C5F670394F}.ClientProfiles|Any CPU.ActiveCfg = Release|Any CPU
		{FCF263CD-388B-44E4-8A92-A4C5F670394F}.ClientProfiles|Any CPU.Build.0 = Release|Any CPU
		{FCF263CD-388B-44E4-8A92-A4C5F670394F}.ClientProfiles|ARM.ActiveCfg = Release +Logging|Any CPU
		{FCF263CD-388B-44E4-8A92-A4C5F670394F}.ClientProfiles|x86.ActiveCfg = Release|Any CPU
		{FCF263CD-388B-44E4-8A92-A4C5F670394F}.Debug|Any CPU.ActiveCfg = Debug|Any CPU
		{FCF263CD-388B-44E4-8A92-A4C5F670394F}.Debug|Any CPU.Build.0 = Debug|Any CPU
		{FCF263CD-388B-44E4-8A92-A4C5F670394F}.Debug|ARM.ActiveCfg = Debug|ARM
		{FCF263CD-388B-44E4-8A92-A4C5F670394F}.Debug|ARM.Build.0 = Debug|ARM
		{FCF263CD-388B-44E4-8A92-A4C5F670394F}.Debug|x86.ActiveCfg = Debug|Any CPU
		{FCF263CD-388B-44E4-8A92-A4C5F670394F}.Release|Any CPU.ActiveCfg = Release|Any CPU
		{FCF263CD-388B-44E4-8A92-A4C5F670394F}.Release|Any CPU.Build.0 = Release|Any CPU
		{FCF263CD-388B-44E4-8A92-A4C5F670394F}.Release|ARM.ActiveCfg = Release|ARM
		{FCF263CD-388B-44E4-8A92-A4C5F670394F}.Release|ARM.Build.0 = Release|ARM
		{FCF263CD-388B-44E4-8A92-A4C5F670394F}.Release|x86.ActiveCfg = Release|Any CPU
		{FCF263CD-388B-44E4-8A92-A4C5F670394F}.Release|x86.Build.0 = Release|Any CPU
		{3942F76D-5B96-4220-AD07-5D59EC6D4472}.ClientProfiles|Any CPU.ActiveCfg = Release|Any CPU
		{3942F76D-5B96-4220-AD07-5D59EC6D4472}.ClientProfiles|Any CPU.Build.0 = Release|Any CPU
		{3942F76D-5B96-4220-AD07-5D59EC6D4472}.ClientProfiles|ARM.ActiveCfg = Debug|Any CPU
		{3942F76D-5B96-4220-AD07-5D59EC6D4472}.ClientProfiles|x86.ActiveCfg = Release|Any CPU
		{3942F76D-5B96-4220-AD07-5D59EC6D4472}.Debug|Any CPU.ActiveCfg = Debug|Any CPU
		{3942F76D-5B96-4220-AD07-5D59EC6D4472}.Debug|Any CPU.Build.0 = Debug|Any CPU
		{3942F76D-5B96-4220-AD07-5D59EC6D4472}.Debug|ARM.ActiveCfg = Debug|ARM
		{3942F76D-5B96-4220-AD07-5D59EC6D4472}.Debug|ARM.Build.0 = Debug|ARM
		{3942F76D-5B96-4220-AD07-5D59EC6D4472}.Debug|x86.ActiveCfg = Debug|Any CPU
		{3942F76D-5B96-4220-AD07-5D59EC6D4472}.Release|Any CPU.ActiveCfg = Release|Any CPU
		{3942F76D-5B96-4220-AD07-5D59EC6D4472}.Release|Any CPU.Build.0 = Release|Any CPU
		{3942F76D-5B96-4220-AD07-5D59EC6D4472}.Release|ARM.ActiveCfg = Release|ARM
		{3942F76D-5B96-4220-AD07-5D59EC6D4472}.Release|ARM.Build.0 = Release|ARM
		{3942F76D-5B96-4220-AD07-5D59EC6D4472}.Release|x86.ActiveCfg = Release|Any CPU
		{3942F76D-5B96-4220-AD07-5D59EC6D4472}.Release|x86.Build.0 = Release|Any CPU
		{48BDE09B-2D1F-4728-A52D-3934D9CE87D4}.ClientProfiles|Any CPU.ActiveCfg = Release|Any CPU
		{48BDE09B-2D1F-4728-A52D-3934D9CE87D4}.ClientProfiles|Any CPU.Build.0 = Release|Any CPU
		{48BDE09B-2D1F-4728-A52D-3934D9CE87D4}.ClientProfiles|ARM.ActiveCfg = Release|Any CPU
		{48BDE09B-2D1F-4728-A52D-3934D9CE87D4}.ClientProfiles|x86.ActiveCfg = Release|Any CPU
		{48BDE09B-2D1F-4728-A52D-3934D9CE87D4}.Debug|Any CPU.ActiveCfg = Debug|Any CPU
		{48BDE09B-2D1F-4728-A52D-3934D9CE87D4}.Debug|Any CPU.Build.0 = Debug|Any CPU
		{48BDE09B-2D1F-4728-A52D-3934D9CE87D4}.Debug|ARM.ActiveCfg = Debug|ARM
		{48BDE09B-2D1F-4728-A52D-3934D9CE87D4}.Debug|ARM.Build.0 = Debug|ARM
		{48BDE09B-2D1F-4728-A52D-3934D9CE87D4}.Debug|x86.ActiveCfg = Debug|Any CPU
		{48BDE09B-2D1F-4728-A52D-3934D9CE87D4}.Release|Any CPU.ActiveCfg = Release|Any CPU
		{48BDE09B-2D1F-4728-A52D-3934D9CE87D4}.Release|Any CPU.Build.0 = Release|Any CPU
		{48BDE09B-2D1F-4728-A52D-3934D9CE87D4}.Release|ARM.ActiveCfg = Release|ARM
		{48BDE09B-2D1F-4728-A52D-3934D9CE87D4}.Release|ARM.Build.0 = Release|ARM
		{48BDE09B-2D1F-4728-A52D-3934D9CE87D4}.Release|x86.ActiveCfg = Release|Any CPU
		{48BDE09B-2D1F-4728-A52D-3934D9CE87D4}.Release|x86.Build.0 = Release|Any CPU
		{12FD3DAA-D84F-4BBB-95CF-510B8D23FFD4}.ClientProfiles|Any CPU.ActiveCfg = Release|Any CPU
		{12FD3DAA-D84F-4BBB-95CF-510B8D23FFD4}.ClientProfiles|Any CPU.Build.0 = Release|Any CPU
		{12FD3DAA-D84F-4BBB-95CF-510B8D23FFD4}.ClientProfiles|ARM.ActiveCfg = Release|ARM
		{12FD3DAA-D84F-4BBB-95CF-510B8D23FFD4}.ClientProfiles|ARM.Build.0 = Release|ARM
		{12FD3DAA-D84F-4BBB-95CF-510B8D23FFD4}.ClientProfiles|x86.ActiveCfg = Release|x86
		{12FD3DAA-D84F-4BBB-95CF-510B8D23FFD4}.ClientProfiles|x86.Build.0 = Release|x86
		{12FD3DAA-D84F-4BBB-95CF-510B8D23FFD4}.Debug|Any CPU.ActiveCfg = Debug|Any CPU
		{12FD3DAA-D84F-4BBB-95CF-510B8D23FFD4}.Debug|Any CPU.Build.0 = Debug|Any CPU
		{12FD3DAA-D84F-4BBB-95CF-510B8D23FFD4}.Debug|ARM.ActiveCfg = Debug|ARM
		{12FD3DAA-D84F-4BBB-95CF-510B8D23FFD4}.Debug|ARM.Build.0 = Debug|ARM
		{12FD3DAA-D84F-4BBB-95CF-510B8D23FFD4}.Debug|x86.ActiveCfg = Debug|x86
		{12FD3DAA-D84F-4BBB-95CF-510B8D23FFD4}.Debug|x86.Build.0 = Debug|x86
		{12FD3DAA-D84F-4BBB-95CF-510B8D23FFD4}.Release|Any CPU.ActiveCfg = Release|ARM
		{12FD3DAA-D84F-4BBB-95CF-510B8D23FFD4}.Release|Any CPU.Build.0 = Release|ARM
		{12FD3DAA-D84F-4BBB-95CF-510B8D23FFD4}.Release|ARM.ActiveCfg = Release|ARM
		{12FD3DAA-D84F-4BBB-95CF-510B8D23FFD4}.Release|ARM.Build.0 = Release|ARM
		{12FD3DAA-D84F-4BBB-95CF-510B8D23FFD4}.Release|x86.ActiveCfg = Release|x86
		{12FD3DAA-D84F-4BBB-95CF-510B8D23FFD4}.Release|x86.Build.0 = Release|x86
		{E621E88B-4F2B-460F-89B5-B67B91D00AB2}.ClientProfiles|Any CPU.ActiveCfg = Release|Any CPU
		{E621E88B-4F2B-460F-89B5-B67B91D00AB2}.ClientProfiles|Any CPU.Build.0 = Release|Any CPU
		{E621E88B-4F2B-460F-89B5-B67B91D00AB2}.ClientProfiles|ARM.ActiveCfg = Release|ARM
		{E621E88B-4F2B-460F-89B5-B67B91D00AB2}.ClientProfiles|ARM.Build.0 = Release|ARM
		{E621E88B-4F2B-460F-89B5-B67B91D00AB2}.ClientProfiles|x86.ActiveCfg = Release|x86
		{E621E88B-4F2B-460F-89B5-B67B91D00AB2}.ClientProfiles|x86.Build.0 = Release|x86
		{E621E88B-4F2B-460F-89B5-B67B91D00AB2}.Debug|Any CPU.ActiveCfg = Debug|Any CPU
		{E621E88B-4F2B-460F-89B5-B67B91D00AB2}.Debug|Any CPU.Build.0 = Debug|Any CPU
		{E621E88B-4F2B-460F-89B5-B67B91D00AB2}.Debug|ARM.ActiveCfg = Debug|ARM
		{E621E88B-4F2B-460F-89B5-B67B91D00AB2}.Debug|ARM.Build.0 = Debug|ARM
		{E621E88B-4F2B-460F-89B5-B67B91D00AB2}.Debug|x86.ActiveCfg = Debug|x86
		{E621E88B-4F2B-460F-89B5-B67B91D00AB2}.Debug|x86.Build.0 = Debug|x86
		{E621E88B-4F2B-460F-89B5-B67B91D00AB2}.Release|Any CPU.ActiveCfg = Release|Any CPU
		{E621E88B-4F2B-460F-89B5-B67B91D00AB2}.Release|Any CPU.Build.0 = Release|Any CPU
		{E621E88B-4F2B-460F-89B5-B67B91D00AB2}.Release|ARM.ActiveCfg = Release|ARM
		{E621E88B-4F2B-460F-89B5-B67B91D00AB2}.Release|ARM.Build.0 = Release|ARM
		{E621E88B-4F2B-460F-89B5-B67B91D00AB2}.Release|x86.ActiveCfg = Release|x86
		{E621E88B-4F2B-460F-89B5-B67B91D00AB2}.Release|x86.Build.0 = Release|x86
		{6B4F7BCC-38E6-4F3A-844C-EE696FF53A36}.ClientProfiles|Any CPU.ActiveCfg = Mehdoh Free Release|Any CPU
		{6B4F7BCC-38E6-4F3A-844C-EE696FF53A36}.ClientProfiles|Any CPU.Build.0 = Mehdoh Free Release|Any CPU
		{6B4F7BCC-38E6-4F3A-844C-EE696FF53A36}.ClientProfiles|ARM.ActiveCfg = Mehdoh Free Release|ARM
		{6B4F7BCC-38E6-4F3A-844C-EE696FF53A36}.ClientProfiles|ARM.Build.0 = Mehdoh Free Release|ARM
		{6B4F7BCC-38E6-4F3A-844C-EE696FF53A36}.ClientProfiles|x86.ActiveCfg = Mehdoh Free Release|x86
		{6B4F7BCC-38E6-4F3A-844C-EE696FF53A36}.ClientProfiles|x86.Build.0 = Mehdoh Free Release|x86
		{6B4F7BCC-38E6-4F3A-844C-EE696FF53A36}.Debug|Any CPU.ActiveCfg = Debug|Any CPU
		{6B4F7BCC-38E6-4F3A-844C-EE696FF53A36}.Debug|Any CPU.Build.0 = Debug|Any CPU
		{6B4F7BCC-38E6-4F3A-844C-EE696FF53A36}.Debug|ARM.ActiveCfg = Debug|ARM
		{6B4F7BCC-38E6-4F3A-844C-EE696FF53A36}.Debug|ARM.Build.0 = Debug|ARM
		{6B4F7BCC-38E6-4F3A-844C-EE696FF53A36}.Debug|x86.ActiveCfg = Debug|x86
		{6B4F7BCC-38E6-4F3A-844C-EE696FF53A36}.Debug|x86.Build.0 = Debug|x86
		{6B4F7BCC-38E6-4F3A-844C-EE696FF53A36}.Release|Any CPU.ActiveCfg = Release|Any CPU
		{6B4F7BCC-38E6-4F3A-844C-EE696FF53A36}.Release|Any CPU.Build.0 = Release|Any CPU
		{6B4F7BCC-38E6-4F3A-844C-EE696FF53A36}.Release|ARM.ActiveCfg = Release|ARM
		{6B4F7BCC-38E6-4F3A-844C-EE696FF53A36}.Release|ARM.Build.0 = Release|ARM
		{6B4F7BCC-38E6-4F3A-844C-EE696FF53A36}.Release|x86.ActiveCfg = Release|x86
		{6B4F7BCC-38E6-4F3A-844C-EE696FF53A36}.Release|x86.Build.0 = Release|x86
	EndGlobalSection
	GlobalSection(SolutionProperties) = preSolution
		HideSolutionNode = FALSE
	EndGlobalSection
	GlobalSection(NestedProjects) = preSolution
		{D6CA1491-2BCB-4011-93A9-8BAFE534796C} = {57BBB3BD-50F0-4CB7-8C34-EE4C546DD84A}
		{E97D482F-5F03-4347-AB1A-E3ADBAA05D63} = {5F180242-BFBF-45B8-AB0D-21F55B80B59D}
		{2F8B3B10-9857-4F04-AFB0-6FA43E2D232A} = {9FE6ADF1-07C6-4A46-9D6E-2CF2D3A79872}
		{3059FD1C-4B4B-4460-A0D4-53C84CCE6CAC} = {DD3BFE41-AFCE-4749-8847-BFB3C2CA7899}
		{FCF263CD-388B-44E4-8A92-A4C5F670394F} = {DD3BFE41-AFCE-4749-8847-BFB3C2CA7899}
		{3942F76D-5B96-4220-AD07-5D59EC6D4472} = {9FE6ADF1-07C6-4A46-9D6E-2CF2D3A79872}
		{48BDE09B-2D1F-4728-A52D-3934D9CE87D4} = {DD3BFE41-AFCE-4749-8847-BFB3C2CA7899}
		{12FD3DAA-D84F-4BBB-95CF-510B8D23FFD4} = {C4942109-EFFE-4D75-B842-250E5D3D7D9C}
		{E621E88B-4F2B-460F-89B5-B67B91D00AB2} = {C4942109-EFFE-4D75-B842-250E5D3D7D9C}
		{6B4F7BCC-38E6-4F3A-844C-EE696FF53A36} = {9FE6ADF1-07C6-4A46-9D6E-2CF2D3A79872}
	EndGlobalSection
EndGlobal
